
Microsoft Visual Studio Solution File, Format Version 12.00
# Visual Studio Version 17
VisualStudioVersion = 17.4.33110.190
MinimumVisualStudioVersion = 10.0.40219.1
Project("{FAE04EC0-301F-11D3-BF4B-00C04F79EFBC}") = "Class1Assignment", "Class1Assignment.csproj", "{31BFF6FC-D331-47A8-B9A7-14EBD121F52A}"
EndProject
Global
	GlobalSection(SolutionConfigurationPlatforms) = preSolution
		Debug|Any CPU = Debug|Any CPU
		Release|Any CPU = Release|Any CPU
	EndGlobalSection
	GlobalSection(ProjectConfigurationPlatforms) = postSolution
		{31BFF6FC-D331-47A8-B9A7-14EBD121F52A}.Debug|Any CPU.ActiveCfg = Debug|Any CPU
		{31BFF6FC-D331-47A8-B9A7-14EBD121F52A}.Debug|Any CPU.Build.0 = Debug|Any CPU
		{31BFF6FC-D331-47A8-B9A7-14EBD121F52A}.Release|Any CPU.ActiveCfg = Release|Any CPU
		{31BFF6FC-D331-47A8-B9A7-14EBD121F52A}.Release|Any CPU.Build.0 = Release|Any CPU
	EndGlobalSection
	GlobalSection(SolutionProperties) = preSolution
		HideSolutionNode = FALSE
	EndGlobalSection
	GlobalSection(ExtensibilityGlobals) = postSolution
		SolutionGuid = {37D8886E-82D4-4DA8-8DE2-7F0E0F120116}
	EndGlobalSection
EndGlobal
